{
  "version": 4,
  "terraform_version": "0.14.2",
  "serial": 8,
  "lineage": "bbf4cfa6-d3d9-6a4f-bf03-d0f5b5837c87",
  "outputs": {
    "server_name_list": {
      "value": "jenkinsserverdc6a4232",
      "type": "string"
    }
  },
  "resources": [
    {
      "mode": "data",
      "type": "ncloud_root_password",
      "name": "rootpwd",
      "provider": "provider[\"registry.terraform.io/navercloudplatform/ncloud\"]",
      "instances": [
        {
          "schema_version": 0,
          "attributes": {
            "id": "16651392",
            "private_key": "-----BEGIN RSA PRIVATE KEY-----\nMIIEowIBAAKCAQEAie1gotIj/obSrVi+4/Tt+Ee8B4lsCKwIxUYGxPsWpCCQNXRg\n+MIrO0qZAxUmHSOZ3hWohvhK5P2K4OUR+Hm18MrIUOQN2xznyBrTcMrzqhAljzCr\nRJfI/3LAruF1677tiLgMR2FCi2itH69nyaU86NshWIuuuP5mRQMCg4E4Pif1Lefb\nyoqkxAP9g41FJSlqNMb1UhE28ngY+SJySPfiuKpaiZxh6060R+5c2FOMekyjP17/\nVrHFHV3s17KeUNxRrRyImXkDx+JhLXhOeJslaxWkOtOM/39cAWhVv5ICWIu/8PCo\nb/ZUH9URYVw26wadGUf31yDmePzh9IWtCnZ+gQIDAQABAoIBAB1Pc5TGQV3qesTZ\nsh8xQozbearEWk/xdx+tBO1BSotwXBTv+VeDs7oy3RdZnDLfCOi4A4tDIm9NLgEi\nzNHX04ErJqyB+ivRFbRhdwNmLae7LLAkMJEwDEe0tBu1z+BcP5ApRHq6wXBsuzWb\nidvBIJN/VbPCY0vuy/7oZ9VYVYJnnYK6H1+hNxlPphUPbjb3oLLyro3VkiM0vEgs\nHM831+MtVHQct6e1Qg7cYLeLz90XRcOD/4pdPy/B98rC3TpLcxV54R6uSJ4ZRxeM\ndiU5y3e13/lUbkJMOYO2tWnq3LJ16nWpbYVOpstSh2e/UsU9fYIRRF16Hi0XmMPW\nN4RGnFECgYEAv4fI+rsCqvRbXKTO3Oz633hp58GC8ltOn8BRdQ9B84UCZcAkyRz/\n6mW6zGB12LpWA0u7D38hc85KQMrWo2MZWtpdaZQU4t0TPeyeI9hsUoDmxhtrLFGh\nJnxMKlUBA7EW9tPDNma6kuCQUbPAxA4hjMWLUVIo3395WZYU4s7ZyQ0CgYEAuFqY\n97YYEukj405waLoRnZD521rqgdLUtQmIH/9M6yhPh4AfIXcIoWe8RpgY+aNqEE3A\nTHEScu2+XxwouTGA6Yjj35N0bXN1pxuCU59R8DSoq3DiwFLL/xMtUTc0ByP2LMSn\nbBEiYu6MlsF23B+rkiVT3hwl+BmhbHnidH4BBkUCgYBJ/0P+2tGlCtNhb6scX9Jt\nFDCWgYT97Zjqz3qpJ0Prua+7cAjGSpX1EWiiHYJqQVOJ4nBbBFsASusVLUjPxzG8\nkDEW4UdQfuk4O3q9jpgLKBIA6Ab4EHGaVNt4X28M5hZhNl9tXTMoG+qmJjSLioob\nwRaaTIvODYnsurdHCXPK4QKBgQCuYny6LRS+pqyc8vDgD8pj+uRue6TCo1Uz3s1W\nPyBafWolaauI81lFnKP7Pxq44byNqY6SgI8MChn/S9q1u78Oqb+sGIaUlhgft6Tj\nRxyyFI3Mhl7nwCpZoaFHZumfK4RNOsSIM/kMDk0MufqeJJMeDpMz0fqUomIRA4aT\n3TFI5QKBgHgQKAuE0IvgIN+8gKy4dl+fEbH2ioQqy/6J+i/FTEdknZXNKHfQt0Ov\n4UVJSjtcIsgoZcdq9Wxw/DHzRuWWQE3QEimn3Cxue0oCzEeyEtHJtGj1eHcSMcMY\nNQMzXgJJihQBjWJ9POSNcOy195IBLNna6XG4QAc2IIj20+Cmayfu\n-----END RSA PRIVATE KEY-----",
            "root_password": "B5LenUH93Mm",
            "server_instance_no": "16651392"
          },
          "sensitive_attributes": []
        }
      ]
    },
    {
      "mode": "managed",
      "type": "ncloud_login_key",
      "name": "key",
      "provider": "provider[\"registry.terraform.io/navercloudplatform/ncloud\"]",
      "instances": [
        {
          "schema_version": 0,
          "attributes": {
            "fingerprint": "02:a1:18:44:5f:a3:5b:dc:36:0d:9d:33:1f:ab:e8:db",
            "id": "tf-test-keydc6a4232",
            "key_name": "tf-test-keydc6a4232",
            "private_key": "-----BEGIN RSA PRIVATE KEY-----\nMIIEowIBAAKCAQEAie1gotIj/obSrVi+4/Tt+Ee8B4lsCKwIxUYGxPsWpCCQNXRg\n+MIrO0qZAxUmHSOZ3hWohvhK5P2K4OUR+Hm18MrIUOQN2xznyBrTcMrzqhAljzCr\nRJfI/3LAruF1677tiLgMR2FCi2itH69nyaU86NshWIuuuP5mRQMCg4E4Pif1Lefb\nyoqkxAP9g41FJSlqNMb1UhE28ngY+SJySPfiuKpaiZxh6060R+5c2FOMekyjP17/\nVrHFHV3s17KeUNxRrRyImXkDx+JhLXhOeJslaxWkOtOM/39cAWhVv5ICWIu/8PCo\nb/ZUH9URYVw26wadGUf31yDmePzh9IWtCnZ+gQIDAQABAoIBAB1Pc5TGQV3qesTZ\nsh8xQozbearEWk/xdx+tBO1BSotwXBTv+VeDs7oy3RdZnDLfCOi4A4tDIm9NLgEi\nzNHX04ErJqyB+ivRFbRhdwNmLae7LLAkMJEwDEe0tBu1z+BcP5ApRHq6wXBsuzWb\nidvBIJN/VbPCY0vuy/7oZ9VYVYJnnYK6H1+hNxlPphUPbjb3oLLyro3VkiM0vEgs\nHM831+MtVHQct6e1Qg7cYLeLz90XRcOD/4pdPy/B98rC3TpLcxV54R6uSJ4ZRxeM\ndiU5y3e13/lUbkJMOYO2tWnq3LJ16nWpbYVOpstSh2e/UsU9fYIRRF16Hi0XmMPW\nN4RGnFECgYEAv4fI+rsCqvRbXKTO3Oz633hp58GC8ltOn8BRdQ9B84UCZcAkyRz/\n6mW6zGB12LpWA0u7D38hc85KQMrWo2MZWtpdaZQU4t0TPeyeI9hsUoDmxhtrLFGh\nJnxMKlUBA7EW9tPDNma6kuCQUbPAxA4hjMWLUVIo3395WZYU4s7ZyQ0CgYEAuFqY\n97YYEukj405waLoRnZD521rqgdLUtQmIH/9M6yhPh4AfIXcIoWe8RpgY+aNqEE3A\nTHEScu2+XxwouTGA6Yjj35N0bXN1pxuCU59R8DSoq3DiwFLL/xMtUTc0ByP2LMSn\nbBEiYu6MlsF23B+rkiVT3hwl+BmhbHnidH4BBkUCgYBJ/0P+2tGlCtNhb6scX9Jt\nFDCWgYT97Zjqz3qpJ0Prua+7cAjGSpX1EWiiHYJqQVOJ4nBbBFsASusVLUjPxzG8\nkDEW4UdQfuk4O3q9jpgLKBIA6Ab4EHGaVNt4X28M5hZhNl9tXTMoG+qmJjSLioob\nwRaaTIvODYnsurdHCXPK4QKBgQCuYny6LRS+pqyc8vDgD8pj+uRue6TCo1Uz3s1W\nPyBafWolaauI81lFnKP7Pxq44byNqY6SgI8MChn/S9q1u78Oqb+sGIaUlhgft6Tj\nRxyyFI3Mhl7nwCpZoaFHZumfK4RNOsSIM/kMDk0MufqeJJMeDpMz0fqUomIRA4aT\n3TFI5QKBgHgQKAuE0IvgIN+8gKy4dl+fEbH2ioQqy/6J+i/FTEdknZXNKHfQt0Ov\n4UVJSjtcIsgoZcdq9Wxw/DHzRuWWQE3QEimn3Cxue0oCzEeyEtHJtGj1eHcSMcMY\nNQMzXgJJihQBjWJ9POSNcOy195IBLNna6XG4QAc2IIj20+Cmayfu\n-----END RSA PRIVATE KEY-----",
            "timeouts": null
          },
          "sensitive_attributes": [],
          "private": "eyJlMmJmYjczMC1lY2FhLTExZTYtOGY4OC0zNDM2M2JjN2M0YzAiOnsiY3JlYXRlIjozMDAwMDAwMDAwMDAsImRlbGV0ZSI6MzAwMDAwMDAwMDAwfX0=",
          "dependencies": [
            "random_id.id"
          ]
        }
      ]
    },
    {
      "mode": "managed",
      "type": "ncloud_port_forwarding_rule",
      "name": "forwarding",
      "provider": "provider[\"registry.terraform.io/navercloudplatform/ncloud\"]",
      "instances": [
        {
          "schema_version": 0,
          "attributes": {
            "id": "140311:3:4088",
            "port_forwarding_configuration_no": "140311",
            "port_forwarding_external_port": 4088,
            "port_forwarding_internal_port": 22,
            "port_forwarding_public_ip": "106.10.45.240",
            "server_instance_no": "16651392",
            "timeouts": null,
            "zone": "KR-2"
          },
          "sensitive_attributes": [],
          "private": "eyJlMmJmYjczMC1lY2FhLTExZTYtOGY4OC0zNDM2M2JjN2M0YzAiOnsiY3JlYXRlIjozNjAwMDAwMDAwMDAwLCJkZWxldGUiOjMwMDAwMDAwMDAwMH19",
          "dependencies": [
            "ncloud_login_key.key",
            "ncloud_server.server",
            "random_id.id"
          ]
        }
      ]
    },
    {
      "mode": "managed",
      "type": "ncloud_public_ip",
      "name": "public_ip",
      "provider": "provider[\"registry.terraform.io/navercloudplatform/ncloud\"]",
      "instances": [
        {
          "schema_version": 0,
          "attributes": {
            "description": "",
            "id": "16651422",
            "instance_no": "16651422",
            "internet_line_type": null,
            "kind_type": "GEN",
            "public_ip": "118.67.134.136",
            "public_ip_no": "16651422",
            "server_instance_no": "16651392",
            "zone": "KR-2"
          },
          "sensitive_attributes": [],
          "private": "bnVsbA==",
          "dependencies": [
            "ncloud_login_key.key",
            "ncloud_server.server",
            "random_id.id"
          ]
        }
      ]
    },
    {
      "mode": "managed",
      "type": "ncloud_server",
      "name": "server",
      "provider": "provider[\"registry.terraform.io/navercloudplatform/ncloud\"]",
      "instances": [
        {
          "schema_version": 0,
          "attributes": {
            "access_control_group_configuration_no_list": null,
            "base_block_storage_disk_detail_type": "HDD",
            "base_block_storage_disk_type": "NET",
            "base_block_storage_size": 53687091200,
            "cpu_count": 4,
            "description": "",
            "fee_system_type_code": null,
            "id": "16651392",
            "init_script_no": null,
            "instance_no": "16651392",
            "internet_line_type": null,
            "is_encrypted_base_block_storage_volume": null,
            "is_fee_charging_monitoring": false,
            "is_protect_server_termination": false,
            "login_key_name": "tf-test-keydc6a4232",
            "member_server_image_no": null,
            "memory_size": 8589934592,
            "name": "jenkinsserverdc6a4232",
            "network_interface": null,
            "placement_group_no": null,
            "platform_type": "UBS64",
            "port_forwarding_external_port": null,
            "port_forwarding_internal_port": null,
            "port_forwarding_public_ip": "106.10.45.240",
            "private_ip": "10.41.1.139",
            "public_ip": "",
            "raid_type_name": null,
            "region": null,
            "server_image_name": "ubuntu-18.04",
            "server_image_product_code": "SPSW0LINUX000130",
            "server_product_code": "SPSVRSTAND000005",
            "subnet_no": null,
            "tag_list": [],
            "timeouts": null,
            "user_data": null,
            "vpc_no": null,
            "zone": "KR-2"
          },
          "sensitive_attributes": [],
          "private": "eyJlMmJmYjczMC1lY2FhLTExZTYtOGY4OC0zNDM2M2JjN2M0YzAiOnsiY3JlYXRlIjozNjAwMDAwMDAwMDAwLCJkZWxldGUiOjMwMDAwMDAwMDAwMH19",
          "dependencies": [
            "ncloud_login_key.key",
            "random_id.id"
          ]
        }
      ]
    },
    {
      "mode": "managed",
      "type": "null_resource",
      "name": "ssh",
      "provider": "provider[\"registry.terraform.io/hashicorp/null\"]",
      "instances": [
        {
          "schema_version": 0,
          "attributes": {
            "id": "7933583570762070921",
            "triggers": null
          },
          "sensitive_attributes": [],
          "dependencies": [
            "data.ncloud_root_password.rootpwd",
            "ncloud_login_key.key",
            "ncloud_port_forwarding_rule.forwarding",
            "ncloud_server.server",
            "random_id.id"
          ]
        }
      ]
    },
    {
      "mode": "managed",
      "type": "random_id",
      "name": "id",
      "provider": "provider[\"registry.terraform.io/hashicorp/random\"]",
      "instances": [
        {
          "schema_version": 0,
          "attributes": {
            "b64_std": "3GpCMg==",
            "b64_url": "3GpCMg",
            "byte_length": 4,
            "dec": "3697951282",
            "hex": "dc6a4232",
            "id": "3GpCMg",
            "keepers": null,
            "prefix": null
          },
          "sensitive_attributes": []
        }
      ]
    }
  ]
}
