{
  "version": 4,
  "terraform_version": "0.14.2",
  "serial": 52,
  "lineage": "87261593-0232-1488-39c5-467905664852",
  "outputs": {
    "server_name_list": {
      "value": "jenkinsserver9cf55472",
      "type": "string"
    }
  },
  "resources": [
    {
      "mode": "data",
      "type": "ncloud_root_password",
      "name": "rootpwd",
      "provider": "provider[\"registry.terraform.io/navercloudplatform/ncloud\"]",
      "instances": [
        {
          "schema_version": 0,
          "attributes": {
            "id": "16623252",
            "private_key": "-----BEGIN RSA PRIVATE KEY-----\nMIIEpAIBAAKCAQEAmHhcOovYynYcVNoT0i3x/PNb4CXAuHNorJknKAU4d6Zw/nSd\nLMlPIY8H7k3YmjkUub6lq3pCW/oZF+/H2RzS1uq5ueqGlTNAMUICCG972bNbUZai\na1gVUwCh2gyzD1cbCV8nj8Fa98nIkMONsa6o7TY3PvXkJMjsRJ9b7LvrB4SH/1Ej\nRm7HJ1Ag9xStHmnnLVs6EGGM7x94uG7hMNV2zoeNfvoC872OGFq60GO4gfkWy2EZ\n7/uV56jvCV0k1I0qHcRzJN3mvJDBo3cdGSp0j7uGGS5mtLmqSqSKLugu4VCqxY1+\n1siossadm+rUFnlQ4oKcTcXP7iSTH16a6/MJgwIDAQABAoIBAQCGR4pCbaOSO48c\nE6vdMWWrdtB1igo+6DVJvOBFWMOwbL+a+izqoqi0T3mWoKygtqDQLV1Oti/3PT4Y\nXK7PQZlWegbz+95nTGm+d/m+YCDdTB6irl2A2GR/Y1En7oNMgVRoXotDCfEJxYaE\nKBWEZOSVdWgWZQx2cRXUId0dkyqcxPlQ+nN6t5PgS6BzloBp2NYCrYCLqqzdzAaJ\nT0r6rlCOzP3kyGkdzk8ByiIMzcGyUiWFxh0Y7SoX7HOdNvI+A6/P9FTDITMgrWgm\nTwMgstrq4EswBwdKGZY6KBMBX5bTEeZ2nE0xwlPgG+WK13GvG6Si3WiZ7mAndO3K\nomnStAlBAoGBANDXhqSJiBbsn5YcwuJEiqfvpL+t3MAdb53SENrpikY8pVINCdRy\nZb8bHXS0t9ltOpRtKHHdIJa4y+vRoMv6zxYQ6VUsNnPU44nEnWmVtoQFA46HSLz6\nX6vG8zN9of9dOTrlrHjnm0RLHbn28mHnbdlECNJet9eEGW1h6ksa664zAoGBALrm\nKp26HGywLPNsnrgfmWZPUsZQH9TKsV7YieFL7WcsTFu+jaDiIARa4ef8UrfvKN6t\nVPxZhvyR+3fA+NtMjnYJqW3T8DkanCNxSHRhwxFviIs/iBR5Hwv9fH/fb0qoTrZn\nQGkt+ajpWcFPvHyNGp6cykQs2j6uDzRle4fP+UdxAoGAIQuZcHuanxX+AoC2jZsO\n3Zfb18CpB3Ug7jYJGLqPeKGr/xm1DnqzgtPFi2v1E2BnPokvNyUoPPEswzm+Wchr\n8C/o2+NNEnMDNg94YPahlK4+a9UYO17auJGYdfNRKNkVby5cZh0vwlSodX6Px9IY\n3aIYS0FVkbKDW3181zmBRWUCgYEAr2upRDGSzFDvX+rrblX6XRTG1GwP9GHq6OLF\nRzlEsjnZ0aKgvAiBlJTYxC0IVqua6KY3xkMhd55tMJFnAi5w6ElZRURPjMl1E68Y\nGmRH+u18c3ZF+zFT+qUJXdwRUTl356wxwIbudaPQIqj8eMrX2VfAYQzYK0yj6MH3\nmBmUF4ECgYBf0yyQT3yCZvd74/MQXCubvwKSGgS6oNpXD+lnyemXRcx697suzL/C\nWdbh60PtdGLXo2o/qMsJVUR7UFH2JW3fWqeEMHVPBwooweLE5UT8MBfqtHNRwS9+\n5cB9oUryLLsJ+1f2t3IMFvto9pnysuenfePIRVdp/+ig9ZFVKMuNfA==\n-----END RSA PRIVATE KEY-----",
            "root_password": "T5b*R9-dDAGb",
            "server_instance_no": "16623252"
          },
          "sensitive_attributes": []
        }
      ]
    },
    {
      "mode": "managed",
      "type": "ncloud_login_key",
      "name": "key",
      "provider": "provider[\"registry.terraform.io/navercloudplatform/ncloud\"]",
      "instances": [
        {
          "schema_version": 0,
          "attributes": {
            "fingerprint": "f0:6b:90:9f:f0:77:d0:61:22:b3:cf:8d:63:9c:6c:1e",
            "id": "tf-test-key9cf55472",
            "key_name": "tf-test-key9cf55472",
            "private_key": "-----BEGIN RSA PRIVATE KEY-----\nMIIEpAIBAAKCAQEAmHhcOovYynYcVNoT0i3x/PNb4CXAuHNorJknKAU4d6Zw/nSd\nLMlPIY8H7k3YmjkUub6lq3pCW/oZF+/H2RzS1uq5ueqGlTNAMUICCG972bNbUZai\na1gVUwCh2gyzD1cbCV8nj8Fa98nIkMONsa6o7TY3PvXkJMjsRJ9b7LvrB4SH/1Ej\nRm7HJ1Ag9xStHmnnLVs6EGGM7x94uG7hMNV2zoeNfvoC872OGFq60GO4gfkWy2EZ\n7/uV56jvCV0k1I0qHcRzJN3mvJDBo3cdGSp0j7uGGS5mtLmqSqSKLugu4VCqxY1+\n1siossadm+rUFnlQ4oKcTcXP7iSTH16a6/MJgwIDAQABAoIBAQCGR4pCbaOSO48c\nE6vdMWWrdtB1igo+6DVJvOBFWMOwbL+a+izqoqi0T3mWoKygtqDQLV1Oti/3PT4Y\nXK7PQZlWegbz+95nTGm+d/m+YCDdTB6irl2A2GR/Y1En7oNMgVRoXotDCfEJxYaE\nKBWEZOSVdWgWZQx2cRXUId0dkyqcxPlQ+nN6t5PgS6BzloBp2NYCrYCLqqzdzAaJ\nT0r6rlCOzP3kyGkdzk8ByiIMzcGyUiWFxh0Y7SoX7HOdNvI+A6/P9FTDITMgrWgm\nTwMgstrq4EswBwdKGZY6KBMBX5bTEeZ2nE0xwlPgG+WK13GvG6Si3WiZ7mAndO3K\nomnStAlBAoGBANDXhqSJiBbsn5YcwuJEiqfvpL+t3MAdb53SENrpikY8pVINCdRy\nZb8bHXS0t9ltOpRtKHHdIJa4y+vRoMv6zxYQ6VUsNnPU44nEnWmVtoQFA46HSLz6\nX6vG8zN9of9dOTrlrHjnm0RLHbn28mHnbdlECNJet9eEGW1h6ksa664zAoGBALrm\nKp26HGywLPNsnrgfmWZPUsZQH9TKsV7YieFL7WcsTFu+jaDiIARa4ef8UrfvKN6t\nVPxZhvyR+3fA+NtMjnYJqW3T8DkanCNxSHRhwxFviIs/iBR5Hwv9fH/fb0qoTrZn\nQGkt+ajpWcFPvHyNGp6cykQs2j6uDzRle4fP+UdxAoGAIQuZcHuanxX+AoC2jZsO\n3Zfb18CpB3Ug7jYJGLqPeKGr/xm1DnqzgtPFi2v1E2BnPokvNyUoPPEswzm+Wchr\n8C/o2+NNEnMDNg94YPahlK4+a9UYO17auJGYdfNRKNkVby5cZh0vwlSodX6Px9IY\n3aIYS0FVkbKDW3181zmBRWUCgYEAr2upRDGSzFDvX+rrblX6XRTG1GwP9GHq6OLF\nRzlEsjnZ0aKgvAiBlJTYxC0IVqua6KY3xkMhd55tMJFnAi5w6ElZRURPjMl1E68Y\nGmRH+u18c3ZF+zFT+qUJXdwRUTl356wxwIbudaPQIqj8eMrX2VfAYQzYK0yj6MH3\nmBmUF4ECgYBf0yyQT3yCZvd74/MQXCubvwKSGgS6oNpXD+lnyemXRcx697suzL/C\nWdbh60PtdGLXo2o/qMsJVUR7UFH2JW3fWqeEMHVPBwooweLE5UT8MBfqtHNRwS9+\n5cB9oUryLLsJ+1f2t3IMFvto9pnysuenfePIRVdp/+ig9ZFVKMuNfA==\n-----END RSA PRIVATE KEY-----",
            "timeouts": null
          },
          "sensitive_attributes": [],
          "private": "eyJlMmJmYjczMC1lY2FhLTExZTYtOGY4OC0zNDM2M2JjN2M0YzAiOnsiY3JlYXRlIjozMDAwMDAwMDAwMDAsImRlbGV0ZSI6MzAwMDAwMDAwMDAwfX0=",
          "dependencies": [
            "random_id.id"
          ]
        }
      ]
    },
    {
      "mode": "managed",
      "type": "ncloud_port_forwarding_rule",
      "name": "forwarding",
      "provider": "provider[\"registry.terraform.io/navercloudplatform/ncloud\"]",
      "instances": [
        {
          "schema_version": 0,
          "attributes": {
            "id": "140067:3:4088",
            "port_forwarding_configuration_no": "140067",
            "port_forwarding_external_port": 4088,
            "port_forwarding_internal_port": 22,
            "port_forwarding_public_ip": "101.101.166.9",
            "server_instance_no": "16623252",
            "timeouts": null,
            "zone": "KR-2"
          },
          "sensitive_attributes": [],
          "private": "eyJlMmJmYjczMC1lY2FhLTExZTYtOGY4OC0zNDM2M2JjN2M0YzAiOnsiY3JlYXRlIjozNjAwMDAwMDAwMDAwLCJkZWxldGUiOjMwMDAwMDAwMDAwMH19",
          "dependencies": [
            "ncloud_login_key.key",
            "ncloud_server.server",
            "random_id.id"
          ]
        }
      ]
    },
    {
      "mode": "managed",
      "type": "ncloud_public_ip",
      "name": "public_ip",
      "provider": "provider[\"registry.terraform.io/navercloudplatform/ncloud\"]",
      "instances": [
        {
          "schema_version": 0,
          "attributes": {
            "description": "",
            "id": "16623338",
            "instance_no": "16623338",
            "internet_line_type": null,
            "kind_type": "GEN",
            "public_ip": "27.96.130.208",
            "public_ip_no": "16623338",
            "server_instance_no": "16623252",
            "zone": "KR-2"
          },
          "sensitive_attributes": [],
          "private": "bnVsbA==",
          "dependencies": [
            "ncloud_login_key.key",
            "ncloud_server.server",
            "random_id.id"
          ]
        }
      ]
    },
    {
      "mode": "managed",
      "type": "ncloud_server",
      "name": "server",
      "provider": "provider[\"registry.terraform.io/navercloudplatform/ncloud\"]",
      "instances": [
        {
          "schema_version": 0,
          "attributes": {
            "access_control_group_configuration_no_list": null,
            "base_block_storage_disk_detail_type": "HDD",
            "base_block_storage_disk_type": "NET",
            "base_block_storage_size": 53687091200,
            "cpu_count": 4,
            "description": "",
            "fee_system_type_code": null,
            "id": "16623252",
            "init_script_no": null,
            "instance_no": "16623252",
            "internet_line_type": null,
            "is_encrypted_base_block_storage_volume": null,
            "is_fee_charging_monitoring": false,
            "is_protect_server_termination": false,
            "login_key_name": "tf-test-key9cf55472",
            "member_server_image_no": null,
            "memory_size": 8589934592,
            "name": "jenkinsserver9cf55472",
            "network_interface": null,
            "placement_group_no": null,
            "platform_type": "UBS64",
            "port_forwarding_external_port": null,
            "port_forwarding_internal_port": null,
            "port_forwarding_public_ip": "101.101.166.9",
            "private_ip": "10.41.222.244",
            "public_ip": "",
            "raid_type_name": null,
            "region": null,
            "server_image_name": "ubuntu-18.04",
            "server_image_product_code": "SPSW0LINUX000130",
            "server_product_code": "SPSVRSTAND000005",
            "subnet_no": null,
            "tag_list": [],
            "timeouts": null,
            "user_data": null,
            "vpc_no": null,
            "zone": "KR-2"
          },
          "sensitive_attributes": [],
          "private": "eyJlMmJmYjczMC1lY2FhLTExZTYtOGY4OC0zNDM2M2JjN2M0YzAiOnsiY3JlYXRlIjozNjAwMDAwMDAwMDAwLCJkZWxldGUiOjMwMDAwMDAwMDAwMH19",
          "dependencies": [
            "ncloud_login_key.key",
            "random_id.id"
          ]
        }
      ]
    },
    {
      "mode": "managed",
      "type": "null_resource",
      "name": "ssh",
      "provider": "provider[\"registry.terraform.io/hashicorp/null\"]",
      "instances": [
        {
          "status": "tainted",
          "schema_version": 0,
          "attributes": {
            "id": "2244814702555718760",
            "triggers": null
          },
          "sensitive_attributes": [],
          "dependencies": [
            "data.ncloud_root_password.rootpwd",
            "ncloud_login_key.key",
            "ncloud_port_forwarding_rule.forwarding",
            "ncloud_server.server",
            "random_id.id"
          ]
        }
      ]
    },
    {
      "mode": "managed",
      "type": "random_id",
      "name": "id",
      "provider": "provider[\"registry.terraform.io/hashicorp/random\"]",
      "instances": [
        {
          "schema_version": 0,
          "attributes": {
            "b64_std": "nPVUcg==",
            "b64_url": "nPVUcg",
            "byte_length": 4,
            "dec": "2633323634",
            "hex": "9cf55472",
            "id": "nPVUcg",
            "keepers": null,
            "prefix": null
          },
          "sensitive_attributes": []
        }
      ]
    }
  ]
}
