{
  "version": 4,
  "terraform_version": "0.14.2",
  "serial": 8,
  "lineage": "bf95f5b0-7e10-28b8-f3f1-5294dca10bc1",
  "outputs": {
    "server_name_list": {
      "value": "nginxserver150165f3",
      "type": "string"
    }
  },
  "resources": [
    {
      "mode": "data",
      "type": "ncloud_root_password",
      "name": "rootpwd",
      "provider": "provider[\"registry.terraform.io/navercloudplatform/ncloud\"]",
      "instances": [
        {
          "schema_version": 0,
          "attributes": {
            "id": "16592520",
            "private_key": "-----BEGIN RSA PRIVATE KEY-----\nMIIEpgIBAAKCAQEA8//M28ll3BSrAaPI4VlasPNXgr8AZe7Vnvt0shkkKLgCDJuY\nFVKIEN2XWmFhGXWaxXgvOyWoIaIEHXT2Vcu3+9xY4SL6V2ULojQ8a2psrwxAtkrO\nwZmZnOVuc0pLw+5yyAuU5iKdQmUf929qIzYlkhN9Q5x3Ds40y9hW7y1Ff6ICUvZe\nPihKnIbutCl/oPj08o6ZE64lOlvNJqlx8y4dE/HMUYLB2+vGgobMG3o/+h8KkOW9\nVro1aO8EKJQIaDZFFO6K7u07W+hRw+fcBYyFXUigyYrIl0omDIoomdtvG9ztXD2j\nh2UqAbY1fsMTMNLrIbb1PDV6VInP33I+CmPW4wIDAQABAoIBAQDBqr29jeONhdId\n4RRm2XeEkAFbw6LbRXDFWa1MV2w97Z+ixjU2Z2WcjWW+1SAvBwurxTMn7UHAQEqn\n3thPTP1hqYnaWNr/VzKesntqfvR5FG6gwkvNms80m17Jn6T3hWIRqi+rYroToxR2\nXzaNcELt6Q46Bgzx8XYyfiqyeOp63F3a9vz9AnyEYe84RVLA8Ao57ukDfjJq1ASU\nDdyxyxYHoZRb7fkQd0JCvekBawWyWQGmxPoATYoUOlTcLiuDF8lFCqC+KIkv0rEM\nTdU+dvVJjBkCbhKTBLzLbrBiLnVIn43w9qxWJ7/VuB/3SazUvQS+hVsH/TCwozEH\n9zS4Gh8RAoGBAPxWmFETkjTLrY187gifGWD1e2vmJf2+Az6mwt3jJMe5ZJtyJYgs\n+zhTqy3aeQ2+NwV6qJ+Q+ocbYloZdefgRTMyUA0LqfNv1nmLTzBJbFK17CHJUsf2\n2bhfUwFxv+h2s4GRB8ZQltBzoL0v0iPcl0SolIszPujkTl3czw18Zfl/AoGBAPeK\nOgwBQlhv5Vc0ZRg68AySe3Ik3UFMVziP7q9jRxPs6kOTfqBwgWrY+qTNeu+IZpPy\nEsnn7M7YHRdmTLbc6GB+w9OLmNZa0iXdmIkHIuflRnSYL3lDjnqwGhaWSHh3XoUY\n0UPNC5nt36lE4jWkwdvSuP2hVm7hoY4+Up0TCCydAoGBAORtg59Jhz4x718468Z0\nOCY0s1C+3D9yhj9t+NOirwX6RyAM2fsHNTgNTdXJg3I0clyMaB9iv9gUqxkDGWAZ\n/qrU7fCRUX0lDdOjj8EXhm7tbuA6/qw0Q22LJXoWPfKzmdY9svsMsynqsmTw6Fs8\nctddgHLuphFvs512qRz9MtcDAoGBALB1atev9hmQ+o3lncNeEE0GBtXhjY/E2dBK\nWj3QqZR8qKqvc+7vBHKkZlgg2mfydh00zUv89oSk7mgF1t3sMALJmtMsijET4QZ5\nJwlXevyQJl9rNTxeeizfaFl9m/+0KD786ABLJOAAABZsMk1HO6J2XsT+w9ybH02F\nA+NQ89zJAoGBAPAiAwxNpWyKRHwjMMdefzd7+UdB7e9BX4HCZcqVFZXrapK9rpcC\neSV7fenp/Jz69jo2a4JQj42/U0ivC8ZkV7gqgO+stPTt6wmryy1o47awubn/6yI8\nS8Nt8KdIw98lQLGkGY+tIE1tPywhAHvzq9fIjxjKllq1/tEUo64RxLPE\n-----END RSA PRIVATE KEY-----",
            "root_password": "R5@AbmH6Ua@a",
            "server_instance_no": "16592520"
          },
          "sensitive_attributes": []
        }
      ]
    },
    {
      "mode": "managed",
      "type": "ncloud_login_key",
      "name": "key",
      "provider": "provider[\"registry.terraform.io/navercloudplatform/ncloud\"]",
      "instances": [
        {
          "schema_version": 0,
          "attributes": {
            "fingerprint": "53:a6:b3:4e:b0:ae:8c:28:64:4a:b5:96:10:46:8b:66",
            "id": "tf-test-key150165f3",
            "key_name": "tf-test-key150165f3",
            "private_key": "-----BEGIN RSA PRIVATE KEY-----\nMIIEpgIBAAKCAQEA8//M28ll3BSrAaPI4VlasPNXgr8AZe7Vnvt0shkkKLgCDJuY\nFVKIEN2XWmFhGXWaxXgvOyWoIaIEHXT2Vcu3+9xY4SL6V2ULojQ8a2psrwxAtkrO\nwZmZnOVuc0pLw+5yyAuU5iKdQmUf929qIzYlkhN9Q5x3Ds40y9hW7y1Ff6ICUvZe\nPihKnIbutCl/oPj08o6ZE64lOlvNJqlx8y4dE/HMUYLB2+vGgobMG3o/+h8KkOW9\nVro1aO8EKJQIaDZFFO6K7u07W+hRw+fcBYyFXUigyYrIl0omDIoomdtvG9ztXD2j\nh2UqAbY1fsMTMNLrIbb1PDV6VInP33I+CmPW4wIDAQABAoIBAQDBqr29jeONhdId\n4RRm2XeEkAFbw6LbRXDFWa1MV2w97Z+ixjU2Z2WcjWW+1SAvBwurxTMn7UHAQEqn\n3thPTP1hqYnaWNr/VzKesntqfvR5FG6gwkvNms80m17Jn6T3hWIRqi+rYroToxR2\nXzaNcELt6Q46Bgzx8XYyfiqyeOp63F3a9vz9AnyEYe84RVLA8Ao57ukDfjJq1ASU\nDdyxyxYHoZRb7fkQd0JCvekBawWyWQGmxPoATYoUOlTcLiuDF8lFCqC+KIkv0rEM\nTdU+dvVJjBkCbhKTBLzLbrBiLnVIn43w9qxWJ7/VuB/3SazUvQS+hVsH/TCwozEH\n9zS4Gh8RAoGBAPxWmFETkjTLrY187gifGWD1e2vmJf2+Az6mwt3jJMe5ZJtyJYgs\n+zhTqy3aeQ2+NwV6qJ+Q+ocbYloZdefgRTMyUA0LqfNv1nmLTzBJbFK17CHJUsf2\n2bhfUwFxv+h2s4GRB8ZQltBzoL0v0iPcl0SolIszPujkTl3czw18Zfl/AoGBAPeK\nOgwBQlhv5Vc0ZRg68AySe3Ik3UFMVziP7q9jRxPs6kOTfqBwgWrY+qTNeu+IZpPy\nEsnn7M7YHRdmTLbc6GB+w9OLmNZa0iXdmIkHIuflRnSYL3lDjnqwGhaWSHh3XoUY\n0UPNC5nt36lE4jWkwdvSuP2hVm7hoY4+Up0TCCydAoGBAORtg59Jhz4x718468Z0\nOCY0s1C+3D9yhj9t+NOirwX6RyAM2fsHNTgNTdXJg3I0clyMaB9iv9gUqxkDGWAZ\n/qrU7fCRUX0lDdOjj8EXhm7tbuA6/qw0Q22LJXoWPfKzmdY9svsMsynqsmTw6Fs8\nctddgHLuphFvs512qRz9MtcDAoGBALB1atev9hmQ+o3lncNeEE0GBtXhjY/E2dBK\nWj3QqZR8qKqvc+7vBHKkZlgg2mfydh00zUv89oSk7mgF1t3sMALJmtMsijET4QZ5\nJwlXevyQJl9rNTxeeizfaFl9m/+0KD786ABLJOAAABZsMk1HO6J2XsT+w9ybH02F\nA+NQ89zJAoGBAPAiAwxNpWyKRHwjMMdefzd7+UdB7e9BX4HCZcqVFZXrapK9rpcC\neSV7fenp/Jz69jo2a4JQj42/U0ivC8ZkV7gqgO+stPTt6wmryy1o47awubn/6yI8\nS8Nt8KdIw98lQLGkGY+tIE1tPywhAHvzq9fIjxjKllq1/tEUo64RxLPE\n-----END RSA PRIVATE KEY-----",
            "timeouts": null
          },
          "sensitive_attributes": [],
          "private": "eyJlMmJmYjczMC1lY2FhLTExZTYtOGY4OC0zNDM2M2JjN2M0YzAiOnsiY3JlYXRlIjozMDAwMDAwMDAwMDAsImRlbGV0ZSI6MzAwMDAwMDAwMDAwfX0=",
          "dependencies": [
            "random_id.id"
          ]
        }
      ]
    },
    {
      "mode": "managed",
      "type": "ncloud_port_forwarding_rule",
      "name": "forwarding",
      "provider": "provider[\"registry.terraform.io/navercloudplatform/ncloud\"]",
      "instances": [
        {
          "schema_version": 0,
          "attributes": {
            "id": "139860:3:4088",
            "port_forwarding_configuration_no": "139860",
            "port_forwarding_external_port": 4088,
            "port_forwarding_internal_port": 22,
            "port_forwarding_public_ip": "106.10.43.232",
            "server_instance_no": "16592520",
            "timeouts": null,
            "zone": "KR-2"
          },
          "sensitive_attributes": [],
          "private": "eyJlMmJmYjczMC1lY2FhLTExZTYtOGY4OC0zNDM2M2JjN2M0YzAiOnsiY3JlYXRlIjozNjAwMDAwMDAwMDAwLCJkZWxldGUiOjMwMDAwMDAwMDAwMH19",
          "dependencies": [
            "ncloud_login_key.key",
            "ncloud_server.server",
            "random_id.id"
          ]
        }
      ]
    },
    {
      "mode": "managed",
      "type": "ncloud_public_ip",
      "name": "public_ip",
      "provider": "provider[\"registry.terraform.io/navercloudplatform/ncloud\"]",
      "instances": [
        {
          "schema_version": 0,
          "attributes": {
            "description": "",
            "id": "16592540",
            "instance_no": "16592540",
            "internet_line_type": null,
            "kind_type": "GEN",
            "public_ip": "101.101.208.36",
            "public_ip_no": "16592540",
            "server_instance_no": "16592520",
            "zone": "KR-2"
          },
          "sensitive_attributes": [],
          "private": "bnVsbA==",
          "dependencies": [
            "ncloud_login_key.key",
            "ncloud_server.server",
            "random_id.id"
          ]
        }
      ]
    },
    {
      "mode": "managed",
      "type": "ncloud_server",
      "name": "server",
      "provider": "provider[\"registry.terraform.io/navercloudplatform/ncloud\"]",
      "instances": [
        {
          "schema_version": 0,
          "attributes": {
            "access_control_group_configuration_no_list": null,
            "base_block_storage_disk_detail_type": "HDD",
            "base_block_storage_disk_type": "NET",
            "base_block_storage_size": 53687091200,
            "cpu_count": 2,
            "description": "",
            "fee_system_type_code": null,
            "id": "16592520",
            "init_script_no": null,
            "instance_no": "16592520",
            "internet_line_type": null,
            "is_encrypted_base_block_storage_volume": null,
            "is_fee_charging_monitoring": false,
            "is_protect_server_termination": false,
            "login_key_name": "tf-test-key150165f3",
            "member_server_image_no": null,
            "memory_size": 4294967296,
            "name": "nginxserver150165f3",
            "network_interface": null,
            "placement_group_no": null,
            "platform_type": "LNX64",
            "port_forwarding_external_port": null,
            "port_forwarding_internal_port": null,
            "port_forwarding_public_ip": "106.10.43.232",
            "private_ip": "10.41.127.156",
            "public_ip": "",
            "raid_type_name": null,
            "region": null,
            "server_image_name": "centos-7.3-64",
            "server_image_product_code": "SPSW0LINUX000046",
            "server_product_code": "SPSVRSTAND000004",
            "subnet_no": null,
            "tag_list": [],
            "timeouts": null,
            "user_data": null,
            "vpc_no": null,
            "zone": "KR-2"
          },
          "sensitive_attributes": [],
          "private": "eyJlMmJmYjczMC1lY2FhLTExZTYtOGY4OC0zNDM2M2JjN2M0YzAiOnsiY3JlYXRlIjozNjAwMDAwMDAwMDAwLCJkZWxldGUiOjMwMDAwMDAwMDAwMH19",
          "dependencies": [
            "ncloud_login_key.key",
            "random_id.id"
          ]
        }
      ]
    },
    {
      "mode": "managed",
      "type": "null_resource",
      "name": "ssh",
      "provider": "provider[\"registry.terraform.io/hashicorp/null\"]",
      "instances": [
        {
          "schema_version": 0,
          "attributes": {
            "id": "5083660833366061849",
            "triggers": null
          },
          "sensitive_attributes": [],
          "dependencies": [
            "data.ncloud_root_password.rootpwd",
            "ncloud_login_key.key",
            "ncloud_port_forwarding_rule.forwarding",
            "ncloud_server.server",
            "random_id.id"
          ]
        }
      ]
    },
    {
      "mode": "managed",
      "type": "random_id",
      "name": "id",
      "provider": "provider[\"registry.terraform.io/hashicorp/random\"]",
      "instances": [
        {
          "schema_version": 0,
          "attributes": {
            "b64_std": "FQFl8w==",
            "b64_url": "FQFl8w",
            "byte_length": 4,
            "dec": "352413171",
            "hex": "150165f3",
            "id": "FQFl8w",
            "keepers": null,
            "prefix": null
          },
          "sensitive_attributes": []
        }
      ]
    }
  ]
}
