{
  "version": 4,
  "terraform_version": "0.14.2",
  "serial": 7,
  "lineage": "7605e068-a5b1-fd8d-746c-eb0d6cc09f1a",
  "outputs": {
    "server_name_list": {
      "value": "jenkinsserver1d6e0dcb",
      "type": "string"
    }
  },
  "resources": [
    {
      "mode": "data",
      "type": "ncloud_root_password",
      "name": "rootpwd",
      "provider": "provider[\"registry.terraform.io/navercloudplatform/ncloud\"]",
      "instances": [
        {
          "schema_version": 0,
          "attributes": {
            "id": "16649148",
            "private_key": "-----BEGIN RSA PRIVATE KEY-----\nMIIEpAIBAAKCAQEA7vLyrHW4VwGqQ6d0Or+JoVnVJkaWJ4+l7O9C+a9qxEe8m/wl\n9Bz3cPXC5vvJqZu2HbYU8LOWd2FX8C9evLyn7FlymgEO/uYV8uW/mLxS6dgFLh7W\nNgRCYbwGjCIacATaXqVtCT8fAWskCfv74soAuy2XQqt/omgzpgwkhr7F4aBR5C9w\nPCtNfAFtQj6Ly11ht9cOD1IJ6NhM8MS4Gm7TM6akXvouwt3MEBwsJ5rUIblycnOQ\nModHSFIGlDXuNBA81uOB6XIImLcmpJrjljY4nSQczeFoq68v93Ha1quZyCriXJZR\nE9lXQsdt+t7c/39qAEAJwaZdRnKnk0Ls3tUXKQIDAQABAoIBAQDsz/yv7O9n02+i\nIzhu7NsC/RvhFj3EMXp5SlrvR+mhY5NKaGhY+chFvFuQPmQLYxXndkhkkSeDYwcb\nNGdI2BP4imGovXnWJ8QC+a2cOrBVr1Da95bG7Au5/vXiNf5LnJOrD3nzmwoohr2t\n430ss5Rr7XAmk/8nvuvJGemtXS6SPz3fThOq3LI9whd/Hi3ocRtyVTsCiuXqlqYK\n9pU1nxSFpdkZkmw2Som/ppbP+LvMaYt6vPistFN8zYhyNyJ8OwWQsy6O8kGvDGkG\ncAvaEzIxPZMou+HcowEN+xOrPq+9f2zo3CNhzalV5Tm6udzk70R4AUXRyCnUuX4o\nmQgiKwXxAoGBAP4MzSDq7jAT0JKz6VjDbT8mY2mXcnt30tvVa6yCIV22h2hMNLYy\njJ6B9Rcrd8AiLKxrAvoiw4wgdwY/BL0qDEszsZd1aNZZyP7+S6qZmWQWxz9M/r2+\n/d6tirJ6Y3GmZaTWw2HtitV9C/jmq/ImzU8Tt+aD2EIL5zzgz5rFrIr9AoGBAPDI\neUna0SOPzQkzt3OGssl9dESN7Ah+cYyEX2r8FCxwdvC/OASJdsRpsm/4fjR3mcPT\nHpM9pJHBHjWqUSJVCuK0WV5ZwFETEtdpGki5dFCsoIm/Lfps2EytYVju9PoRUnzj\nVpS9xJNwjDyMEDv4Rx0HEQg+DbDqt6zzw2FQu2KdAoGAdbJEjk2Iz+k+JdkH8EGJ\nqUoFoHOzbBQVMhdr7N3Uy2+2x9EWUpqUnxKiE3vl3LN4cuCY3n2gjpizy8cCUQjb\n7TMjwYF5cmTiQ5BYSc8jS0VqRZ9MHWgQgUtxCEK/M3XdfUKp/gJo4YMvOr7TRjpH\nv6zo8/h9BgwxsviL9a5Cw5kCgYBdzQuLHQaafvvWWOJfzBq8afYwesV37aJYpnzx\nlbBaO5nqYeP1yIOPMsoD2t93mxw48HcZz0rcSUp2h5pB8LVj6fRi0D4el3qgll5Z\n9H1+rDGCWAsWYu7EuEqTNcwT20myQ3JIUcFR2ueW8s2kPy2c/lLBTkNRJ69UXkZA\nFA5b9QKBgQD5Y3G/6MAm8NKm7g1Fi9kxy5PGqZJ+trYARl/t/mTuv3pL0Xw4nkqZ\nHpv98NsJq9R29ZQX6dWDYPOwtJDKLnoLvTLIv9l7DNQVoKTuA8yoPqZ7kXFg5ORM\n+VvcsSZXsMakZTzskZV1phyTLUsPIsdKjKCdCmHdR0b4wAJkfDwoCQ==\n-----END RSA PRIVATE KEY-----",
            "root_password": "T8irtLbi8%d=ra",
            "server_instance_no": "16649148"
          },
          "sensitive_attributes": []
        }
      ]
    },
    {
      "mode": "managed",
      "type": "ncloud_login_key",
      "name": "key",
      "provider": "provider[\"registry.terraform.io/navercloudplatform/ncloud\"]",
      "instances": [
        {
          "schema_version": 0,
          "attributes": {
            "fingerprint": "ab:60:7a:a2:07:cc:f7:2f:41:b8:5a:ca:80:a5:15:a1",
            "id": "tf-test-key1d6e0dcb",
            "key_name": "tf-test-key1d6e0dcb",
            "private_key": "-----BEGIN RSA PRIVATE KEY-----\nMIIEpAIBAAKCAQEA7vLyrHW4VwGqQ6d0Or+JoVnVJkaWJ4+l7O9C+a9qxEe8m/wl\n9Bz3cPXC5vvJqZu2HbYU8LOWd2FX8C9evLyn7FlymgEO/uYV8uW/mLxS6dgFLh7W\nNgRCYbwGjCIacATaXqVtCT8fAWskCfv74soAuy2XQqt/omgzpgwkhr7F4aBR5C9w\nPCtNfAFtQj6Ly11ht9cOD1IJ6NhM8MS4Gm7TM6akXvouwt3MEBwsJ5rUIblycnOQ\nModHSFIGlDXuNBA81uOB6XIImLcmpJrjljY4nSQczeFoq68v93Ha1quZyCriXJZR\nE9lXQsdt+t7c/39qAEAJwaZdRnKnk0Ls3tUXKQIDAQABAoIBAQDsz/yv7O9n02+i\nIzhu7NsC/RvhFj3EMXp5SlrvR+mhY5NKaGhY+chFvFuQPmQLYxXndkhkkSeDYwcb\nNGdI2BP4imGovXnWJ8QC+a2cOrBVr1Da95bG7Au5/vXiNf5LnJOrD3nzmwoohr2t\n430ss5Rr7XAmk/8nvuvJGemtXS6SPz3fThOq3LI9whd/Hi3ocRtyVTsCiuXqlqYK\n9pU1nxSFpdkZkmw2Som/ppbP+LvMaYt6vPistFN8zYhyNyJ8OwWQsy6O8kGvDGkG\ncAvaEzIxPZMou+HcowEN+xOrPq+9f2zo3CNhzalV5Tm6udzk70R4AUXRyCnUuX4o\nmQgiKwXxAoGBAP4MzSDq7jAT0JKz6VjDbT8mY2mXcnt30tvVa6yCIV22h2hMNLYy\njJ6B9Rcrd8AiLKxrAvoiw4wgdwY/BL0qDEszsZd1aNZZyP7+S6qZmWQWxz9M/r2+\n/d6tirJ6Y3GmZaTWw2HtitV9C/jmq/ImzU8Tt+aD2EIL5zzgz5rFrIr9AoGBAPDI\neUna0SOPzQkzt3OGssl9dESN7Ah+cYyEX2r8FCxwdvC/OASJdsRpsm/4fjR3mcPT\nHpM9pJHBHjWqUSJVCuK0WV5ZwFETEtdpGki5dFCsoIm/Lfps2EytYVju9PoRUnzj\nVpS9xJNwjDyMEDv4Rx0HEQg+DbDqt6zzw2FQu2KdAoGAdbJEjk2Iz+k+JdkH8EGJ\nqUoFoHOzbBQVMhdr7N3Uy2+2x9EWUpqUnxKiE3vl3LN4cuCY3n2gjpizy8cCUQjb\n7TMjwYF5cmTiQ5BYSc8jS0VqRZ9MHWgQgUtxCEK/M3XdfUKp/gJo4YMvOr7TRjpH\nv6zo8/h9BgwxsviL9a5Cw5kCgYBdzQuLHQaafvvWWOJfzBq8afYwesV37aJYpnzx\nlbBaO5nqYeP1yIOPMsoD2t93mxw48HcZz0rcSUp2h5pB8LVj6fRi0D4el3qgll5Z\n9H1+rDGCWAsWYu7EuEqTNcwT20myQ3JIUcFR2ueW8s2kPy2c/lLBTkNRJ69UXkZA\nFA5b9QKBgQD5Y3G/6MAm8NKm7g1Fi9kxy5PGqZJ+trYARl/t/mTuv3pL0Xw4nkqZ\nHpv98NsJq9R29ZQX6dWDYPOwtJDKLnoLvTLIv9l7DNQVoKTuA8yoPqZ7kXFg5ORM\n+VvcsSZXsMakZTzskZV1phyTLUsPIsdKjKCdCmHdR0b4wAJkfDwoCQ==\n-----END RSA PRIVATE KEY-----",
            "timeouts": null
          },
          "sensitive_attributes": [],
          "private": "eyJlMmJmYjczMC1lY2FhLTExZTYtOGY4OC0zNDM2M2JjN2M0YzAiOnsiY3JlYXRlIjozMDAwMDAwMDAwMDAsImRlbGV0ZSI6MzAwMDAwMDAwMDAwfX0=",
          "dependencies": [
            "random_id.id"
          ]
        }
      ]
    },
    {
      "mode": "managed",
      "type": "ncloud_port_forwarding_rule",
      "name": "forwarding",
      "provider": "provider[\"registry.terraform.io/navercloudplatform/ncloud\"]",
      "instances": [
        {
          "schema_version": 0,
          "attributes": {
            "id": "140287:3:4088",
            "port_forwarding_configuration_no": "140287",
            "port_forwarding_external_port": 4088,
            "port_forwarding_internal_port": 22,
            "port_forwarding_public_ip": "106.10.54.96",
            "server_instance_no": "16649148",
            "timeouts": null,
            "zone": "KR-2"
          },
          "sensitive_attributes": [],
          "private": "eyJlMmJmYjczMC1lY2FhLTExZTYtOGY4OC0zNDM2M2JjN2M0YzAiOnsiY3JlYXRlIjozNjAwMDAwMDAwMDAwLCJkZWxldGUiOjMwMDAwMDAwMDAwMH19",
          "dependencies": [
            "ncloud_login_key.key",
            "ncloud_server.server",
            "random_id.id"
          ]
        }
      ]
    },
    {
      "mode": "managed",
      "type": "ncloud_public_ip",
      "name": "public_ip",
      "provider": "provider[\"registry.terraform.io/navercloudplatform/ncloud\"]",
      "instances": [
        {
          "schema_version": 0,
          "attributes": {
            "description": "",
            "id": "16649160",
            "instance_no": "16649160",
            "internet_line_type": null,
            "kind_type": "GEN",
            "public_ip": "49.50.162.225",
            "public_ip_no": "16649160",
            "server_instance_no": "16649148",
            "zone": "KR-2"
          },
          "sensitive_attributes": [],
          "private": "bnVsbA==",
          "dependencies": [
            "ncloud_login_key.key",
            "ncloud_server.server",
            "random_id.id"
          ]
        }
      ]
    },
    {
      "mode": "managed",
      "type": "ncloud_server",
      "name": "server",
      "provider": "provider[\"registry.terraform.io/navercloudplatform/ncloud\"]",
      "instances": [
        {
          "schema_version": 0,
          "attributes": {
            "access_control_group_configuration_no_list": null,
            "base_block_storage_disk_detail_type": "HDD",
            "base_block_storage_disk_type": "NET",
            "base_block_storage_size": 53687091200,
            "cpu_count": 4,
            "description": "",
            "fee_system_type_code": null,
            "id": "16649148",
            "init_script_no": null,
            "instance_no": "16649148",
            "internet_line_type": null,
            "is_encrypted_base_block_storage_volume": null,
            "is_fee_charging_monitoring": false,
            "is_protect_server_termination": false,
            "login_key_name": "tf-test-key1d6e0dcb",
            "member_server_image_no": null,
            "memory_size": 8589934592,
            "name": "jenkinsserver1d6e0dcb",
            "network_interface": null,
            "placement_group_no": null,
            "platform_type": "UBS64",
            "port_forwarding_external_port": null,
            "port_forwarding_internal_port": null,
            "port_forwarding_public_ip": "106.10.54.96",
            "private_ip": "10.41.1.209",
            "public_ip": "",
            "raid_type_name": null,
            "region": null,
            "server_image_name": "ubuntu-18.04",
            "server_image_product_code": "SPSW0LINUX000130",
            "server_product_code": "SPSVRSTAND000005",
            "subnet_no": null,
            "tag_list": [],
            "timeouts": null,
            "user_data": null,
            "vpc_no": null,
            "zone": "KR-2"
          },
          "sensitive_attributes": [],
          "private": "eyJlMmJmYjczMC1lY2FhLTExZTYtOGY4OC0zNDM2M2JjN2M0YzAiOnsiY3JlYXRlIjozNjAwMDAwMDAwMDAwLCJkZWxldGUiOjMwMDAwMDAwMDAwMH19",
          "dependencies": [
            "ncloud_login_key.key",
            "random_id.id"
          ]
        }
      ]
    },
    {
      "mode": "managed",
      "type": "null_resource",
      "name": "ssh",
      "provider": "provider[\"registry.terraform.io/hashicorp/null\"]",
      "instances": [
        {
          "status": "tainted",
          "schema_version": 0,
          "attributes": {
            "id": "3313810673214658845",
            "triggers": null
          },
          "sensitive_attributes": [],
          "dependencies": [
            "data.ncloud_root_password.rootpwd",
            "ncloud_login_key.key",
            "ncloud_port_forwarding_rule.forwarding",
            "ncloud_server.server",
            "random_id.id"
          ]
        }
      ]
    },
    {
      "mode": "managed",
      "type": "random_id",
      "name": "id",
      "provider": "provider[\"registry.terraform.io/hashicorp/random\"]",
      "instances": [
        {
          "schema_version": 0,
          "attributes": {
            "b64_std": "HW4Nyw==",
            "b64_url": "HW4Nyw",
            "byte_length": 4,
            "dec": "493751755",
            "hex": "1d6e0dcb",
            "id": "HW4Nyw",
            "keepers": null,
            "prefix": null
          },
          "sensitive_attributes": []
        }
      ]
    }
  ]
}
